// !$*UTF8*$!
{
	archiveVersion = 1;
	classes = {
	};
	objectVersion = 46;
	objects = {

/* Begin PBXBuildFile section */
		13B07FBC1A68108700A75B9A /* AppDelegate.m in Sources */ = {isa = PBXBuildFile; fileRef = 13B07FB01A68108700A75B9A /* AppDelegate.m */; };
		13B07FBF1A68108700A75B9A /* Images.xcassets in Resources */ = {isa = PBXBuildFile; fileRef = 13B07FB51A68108700A75B9A /* Images.xcassets */; };
		13B07FC11A68108700A75B9A /* main.m in Sources */ = {isa = PBXBuildFile; fileRef = 13B07FB71A68108700A75B9A /* main.m */; };
		5B1C9B6D23215A4500AD118C /* InfoPlist.strings in Resources */ = {isa = PBXBuildFile; fileRef = 5B1C9B6F23215A4500AD118C /* InfoPlist.strings */; };
		5B52F94322963CEA00E2B39A /* AddressBook.framework in Frameworks */ = {isa = PBXBuildFile; fileRef = 5B52F94222963CEA00E2B39A /* AddressBook.framework */; };
		5B52F94522963CF100E2B39A /* SafariServices.framework in Frameworks */ = {isa = PBXBuildFile; fileRef = 5B52F94422963CF100E2B39A /* SafariServices.framework */; };
		5B52F94722963CF700E2B39A /* SystemConfiguration.framework in Frameworks */ = {isa = PBXBuildFile; fileRef = 5B52F94622963CF700E2B39A /* SystemConfiguration.framework */; };
		5B52F94922963D0900E2B39A /* libz.tbd in Frameworks */ = {isa = PBXBuildFile; fileRef = 5B52F94822963D0800E2B39A /* libz.tbd */; };
		5B80E2EE2328B0BD008A0CB5 /* RNConfig.m in Sources */ = {isa = PBXBuildFile; fileRef = 5B80E2ED2328B0BD008A0CB5 /* RNConfig.m */; };
		5BD09CF222D1AB9800336194 /* libQBImagePickerController.a in Frameworks */ = {isa = PBXBuildFile; fileRef = 5BD09CF122D1AB9800336194 /* libQBImagePickerController.a */; };
		5BD09CF422D1AB9800336194 /* libRSKImageCropper.a in Frameworks */ = {isa = PBXBuildFile; fileRef = 5BD09CF322D1AB9800336194 /* libRSKImageCropper.a */; };
		5BE7140F2320A28700E9DF50 /* LaunchScreen.storyboard in Resources */ = {isa = PBXBuildFile; fileRef = 5BE7140E2320A28700E9DF50 /* LaunchScreen.storyboard */; };
		5BE714B723222B7A00E9DF50 /* StoreKit.framework in Frameworks */ = {isa = PBXBuildFile; fileRef = 5BE714B623222B7A00E9DF50 /* StoreKit.framework */; };
		71E5A1F89EF8805C255CF4FB /* libPods-Senti.a in Frameworks */ = {isa = PBXBuildFile; fileRef = DB7B50EB5DBCB9E16F3C81C4 /* libPods-Senti.a */; };
		ED297163215061F000B7C4FE /* JavaScriptCore.framework in Frameworks */ = {isa = PBXBuildFile; fileRef = ED297162215061F000B7C4FE /* JavaScriptCore.framework */; };
/* End PBXBuildFile section */

/* Begin PBXFileReference section */
		008F07F21AC5B25A0029DE68 /* main.jsbundle */ = {isa = PBXFileReference; fileEncoding = 4; lastKnownFileType = text; path = main.jsbundle; sourceTree = "<group>"; };
		0866388DB92043BA977CC6EC /* libRNInAppPurchase.a */ = {isa = PBXFileReference; explicitFileType = undefined; fileEncoding = 9; includeInIndex = 0; lastKnownFileType = archive.ar; path = libRNInAppPurchase.a; sourceTree = "<group>"; };
		13B07F961A680F5B00A75B9A /* Senti.app */ = {isa = PBXFileReference; explicitFileType = wrapper.application; includeInIndex = 0; path = Senti.app; sourceTree = BUILT_PRODUCTS_DIR; };
		13B07FAF1A68108700A75B9A /* AppDelegate.h */ = {isa = PBXFileReference; fileEncoding = 4; lastKnownFileType = sourcecode.c.h; name = AppDelegate.h; path = Senti/AppDelegate.h; sourceTree = "<group>"; };
		13B07FB01A68108700A75B9A /* AppDelegate.m */ = {isa = PBXFileReference; fileEncoding = 4; lastKnownFileType = sourcecode.c.objc; name = AppDelegate.m; path = Senti/AppDelegate.m; sourceTree = "<group>"; };
		13B07FB51A68108700A75B9A /* Images.xcassets */ = {isa = PBXFileReference; lastKnownFileType = folder.assetcatalog; name = Images.xcassets; path = Senti/Images.xcassets; sourceTree = "<group>"; };
		13B07FB61A68108700A75B9A /* Info.plist */ = {isa = PBXFileReference; fileEncoding = 4; lastKnownFileType = text.plist.xml; name = Info.plist; path = Senti/Info.plist; sourceTree = "<group>"; };
		13B07FB71A68108700A75B9A /* main.m */ = {isa = PBXFileReference; fileEncoding = 4; lastKnownFileType = sourcecode.c.objc; name = main.m; path = Senti/main.m; sourceTree = "<group>"; };
		2D16E6891FA4F8E400B85C8A /* libReact.a */ = {isa = PBXFileReference; explicitFileType = archive.ar; path = libReact.a; sourceTree = BUILT_PRODUCTS_DIR; };
		5B1C9B6E23215A4500AD118C /* en */ = {isa = PBXFileReference; lastKnownFileType = text.plist.strings; name = en; path = en.lproj/InfoPlist.strings; sourceTree = "<group>"; };
		5B1C9B7023215A4800AD118C /* ko */ = {isa = PBXFileReference; lastKnownFileType = text.plist.strings; name = ko; path = ko.lproj/InfoPlist.strings; sourceTree = "<group>"; };
		5B52F94222963CEA00E2B39A /* AddressBook.framework */ = {isa = PBXFileReference; lastKnownFileType = wrapper.framework; name = AddressBook.framework; path = System/Library/Frameworks/AddressBook.framework; sourceTree = SDKROOT; };
		5B52F94422963CF100E2B39A /* SafariServices.framework */ = {isa = PBXFileReference; lastKnownFileType = wrapper.framework; name = SafariServices.framework; path = System/Library/Frameworks/SafariServices.framework; sourceTree = SDKROOT; };
		5B52F94622963CF700E2B39A /* SystemConfiguration.framework */ = {isa = PBXFileReference; lastKnownFileType = wrapper.framework; name = SystemConfiguration.framework; path = System/Library/Frameworks/SystemConfiguration.framework; sourceTree = SDKROOT; };
		5B52F94822963D0800E2B39A /* libz.tbd */ = {isa = PBXFileReference; lastKnownFileType = "sourcecode.text-based-dylib-definition"; name = libz.tbd; path = usr/lib/libz.tbd; sourceTree = SDKROOT; };
		5B7F926E2332514300125F2B /* Ionicons.ttf */ = {isa = PBXFileReference; lastKnownFileType = file; name = Ionicons.ttf; path = "../node_modules/react-native-vector-icons/Fonts/Ionicons.ttf"; sourceTree = "<group>"; };
		5B80E2ED2328B0BD008A0CB5 /* RNConfig.m */ = {isa = PBXFileReference; lastKnownFileType = sourcecode.c.objc; name = RNConfig.m; path = Senti/RNConfig.m; sourceTree = "<group>"; };
		5B893550234AD9FE001EA175 /* Senti.entitlements */ = {isa = PBXFileReference; lastKnownFileType = text.plist.entitlements; name = Senti.entitlements; path = Senti/Senti.entitlements; sourceTree = "<group>"; };
		5BAF56B622CA56E600B9EF25 /* RSKImageCropper.framework */ = {isa = PBXFileReference; explicitFileType = wrapper.framework; path = RSKImageCropper.framework; sourceTree = BUILT_PRODUCTS_DIR; };
		5BAF56B822CA56EC00B9EF25 /* QBImagePicker.framework */ = {isa = PBXFileReference; explicitFileType = wrapper.framework; path = QBImagePicker.framework; sourceTree = BUILT_PRODUCTS_DIR; };
		5BD09CF122D1AB9800336194 /* libQBImagePickerController.a */ = {isa = PBXFileReference; explicitFileType = archive.ar; path = libQBImagePickerController.a; sourceTree = BUILT_PRODUCTS_DIR; };
		5BD09CF322D1AB9800336194 /* libRSKImageCropper.a */ = {isa = PBXFileReference; explicitFileType = archive.ar; path = libRSKImageCropper.a; sourceTree = BUILT_PRODUCTS_DIR; };
		5BE7140E2320A28700E9DF50 /* LaunchScreen.storyboard */ = {isa = PBXFileReference; lastKnownFileType = file.storyboard; name = LaunchScreen.storyboard; path = Senti/LaunchScreen.storyboard; sourceTree = "<group>"; };
		5BE714B623222B7A00E9DF50 /* StoreKit.framework */ = {isa = PBXFileReference; lastKnownFileType = wrapper.framework; name = StoreKit.framework; path = System/Library/Frameworks/StoreKit.framework; sourceTree = SDKROOT; };
		5BE7157523275F1D00E9DF50 /* GoogleService-Info.plist */ = {isa = PBXFileReference; fileEncoding = 4; lastKnownFileType = text.plist.xml; path = "GoogleService-Info.plist"; sourceTree = "<group>"; };
		5BE7157723275F3800E9DF50 /* GoogleService-Info.plist */ = {isa = PBXFileReference; fileEncoding = 4; lastKnownFileType = text.plist.xml; path = "GoogleService-Info.plist"; sourceTree = "<group>"; };
		876409857CC32FE3F3A5C680 /* Pods-Senti.release.xcconfig */ = {isa = PBXFileReference; includeInIndex = 1; lastKnownFileType = text.xcconfig; name = "Pods-Senti.release.xcconfig"; path = "Pods/Target Support Files/Pods-Senti/Pods-Senti.release.xcconfig"; sourceTree = "<group>"; };
		A00FF6EA33CE2A7E5AB3DABC /* Pods-Senti.debug.xcconfig */ = {isa = PBXFileReference; includeInIndex = 1; lastKnownFileType = text.xcconfig; name = "Pods-Senti.debug.xcconfig"; path = "Pods/Target Support Files/Pods-Senti/Pods-Senti.debug.xcconfig"; sourceTree = "<group>"; };
		CE8E7DE079F1BC2F4D983D59 /* Pods-Senti.staging.xcconfig */ = {isa = PBXFileReference; includeInIndex = 1; lastKnownFileType = text.xcconfig; name = "Pods-Senti.staging.xcconfig"; path = "Pods/Target Support Files/Pods-Senti/Pods-Senti.staging.xcconfig"; sourceTree = "<group>"; };
		DB7B50EB5DBCB9E16F3C81C4 /* libPods-Senti.a */ = {isa = PBXFileReference; explicitFileType = archive.ar; includeInIndex = 0; path = "libPods-Senti.a"; sourceTree = BUILT_PRODUCTS_DIR; };
		ED297162215061F000B7C4FE /* JavaScriptCore.framework */ = {isa = PBXFileReference; lastKnownFileType = wrapper.framework; name = JavaScriptCore.framework; path = System/Library/Frameworks/JavaScriptCore.framework; sourceTree = SDKROOT; };
		ED2971642150620600B7C4FE /* JavaScriptCore.framework */ = {isa = PBXFileReference; lastKnownFileType = wrapper.framework; name = JavaScriptCore.framework; path = Platforms/AppleTVOS.platform/Developer/SDKs/AppleTVOS12.0.sdk/System/Library/Frameworks/JavaScriptCore.framework; sourceTree = DEVELOPER_DIR; };
/* End PBXFileReference section */

/* Begin PBXFrameworksBuildPhase section */
		13B07F8C1A680F5B00A75B9A /* Frameworks */ = {
			isa = PBXFrameworksBuildPhase;
			buildActionMask = 2147483647;
			files = (
				5BD09CF222D1AB9800336194 /* libQBImagePickerController.a in Frameworks */,
				5BD09CF422D1AB9800336194 /* libRSKImageCropper.a in Frameworks */,
				5B52F94922963D0900E2B39A /* libz.tbd in Frameworks */,
				5B52F94722963CF700E2B39A /* SystemConfiguration.framework in Frameworks */,
				5B52F94522963CF100E2B39A /* SafariServices.framework in Frameworks */,
				5B52F94322963CEA00E2B39A /* AddressBook.framework in Frameworks */,
				ED297163215061F000B7C4FE /* JavaScriptCore.framework in Frameworks */,
				5BE714B723222B7A00E9DF50 /* StoreKit.framework in Frameworks */,
				71E5A1F89EF8805C255CF4FB /* libPods-Senti.a in Frameworks */,
			);
			runOnlyForDeploymentPostprocessing = 0;
		};
/* End PBXFrameworksBuildPhase section */

/* Begin PBXGroup section */
		0BF6A17389DB344E487B6D2E /* Pods */ = {
			isa = PBXGroup;
			children = (
				A00FF6EA33CE2A7E5AB3DABC /* Pods-Senti.debug.xcconfig */,
				876409857CC32FE3F3A5C680 /* Pods-Senti.release.xcconfig */,
				CE8E7DE079F1BC2F4D983D59 /* Pods-Senti.staging.xcconfig */,
			);
			name = Pods;
			sourceTree = "<group>";
		};
		13B07FAE1A68108700A75B9A /* Senti */ = {
			isa = PBXGroup;
			children = (
				5B893550234AD9FE001EA175 /* Senti.entitlements */,
				5BE7153C23275DF600E9DF50 /* Firebase */,
				5BE7140E2320A28700E9DF50 /* LaunchScreen.storyboard */,
				008F07F21AC5B25A0029DE68 /* main.jsbundle */,
				13B07FAF1A68108700A75B9A /* AppDelegate.h */,
				13B07FB01A68108700A75B9A /* AppDelegate.m */,
				5B80E2ED2328B0BD008A0CB5 /* RNConfig.m */,
				13B07FB51A68108700A75B9A /* Images.xcassets */,
				13B07FB61A68108700A75B9A /* Info.plist */,
				13B07FB71A68108700A75B9A /* main.m */,
				5B1C9B6F23215A4500AD118C /* InfoPlist.strings */,
				5B7F926E2332514300125F2B /* Ionicons.ttf */,
			);
			name = Senti;
			sourceTree = "<group>";
		};
		2D16E6871FA4F8E400B85C8A /* Frameworks */ = {
			isa = PBXGroup;
			children = (
				5BE714B623222B7A00E9DF50 /* StoreKit.framework */,
				5BD09CF122D1AB9800336194 /* libQBImagePickerController.a */,
				5BD09CF322D1AB9800336194 /* libRSKImageCropper.a */,
				5BAF56B822CA56EC00B9EF25 /* QBImagePicker.framework */,
				5BAF56B622CA56E600B9EF25 /* RSKImageCropper.framework */,
				5B52F94822963D0800E2B39A /* libz.tbd */,
				5B52F94622963CF700E2B39A /* SystemConfiguration.framework */,
				5B52F94422963CF100E2B39A /* SafariServices.framework */,
				5B52F94222963CEA00E2B39A /* AddressBook.framework */,
				ED297162215061F000B7C4FE /* JavaScriptCore.framework */,
				ED2971642150620600B7C4FE /* JavaScriptCore.framework */,
				2D16E6891FA4F8E400B85C8A /* libReact.a */,
				DB7B50EB5DBCB9E16F3C81C4 /* libPods-Senti.a */,
			);
			name = Frameworks;
			sourceTree = "<group>";
		};
		5B937D5B227C0D5B00C26AB4 /* Recovered References */ = {
			isa = PBXGroup;
			children = (
				0866388DB92043BA977CC6EC /* libRNInAppPurchase.a */,
			);
			name = "Recovered References";
			sourceTree = "<group>";
		};
		5BE7153C23275DF600E9DF50 /* Firebase */ = {
			isa = PBXGroup;
			children = (
				5BE7157323275E3D00E9DF50 /* dev */,
				5BE7157423275E6100E9DF50 /* prod */,
			);
			name = Firebase;
			path = Senti/Firebase;
			sourceTree = "<group>";
			tabWidth = 1;
		};
		5BE7157323275E3D00E9DF50 /* dev */ = {
			isa = PBXGroup;
			children = (
				5BE7157523275F1D00E9DF50 /* GoogleService-Info.plist */,
			);
			path = dev;
			sourceTree = "<group>";
		};
		5BE7157423275E6100E9DF50 /* prod */ = {
			isa = PBXGroup;
			children = (
				5BE7157723275F3800E9DF50 /* GoogleService-Info.plist */,
			);
			path = prod;
			sourceTree = "<group>";
		};
		832341AE1AAA6A7D00B99B32 /* Libraries */ = {
			isa = PBXGroup;
			children = (
			);
			name = Libraries;
			sourceTree = "<group>";
		};
		83CBB9F61A601CBA00E9B192 = {
			isa = PBXGroup;
			children = (
				13B07FAE1A68108700A75B9A /* Senti */,
				832341AE1AAA6A7D00B99B32 /* Libraries */,
				83CBBA001A601CBA00E9B192 /* Products */,
				2D16E6871FA4F8E400B85C8A /* Frameworks */,
				F9DC04F2471F40C3A4624B38 /* Resources */,
				5B937D5B227C0D5B00C26AB4 /* Recovered References */,
				0BF6A17389DB344E487B6D2E /* Pods */,
			);
			indentWidth = 2;
			sourceTree = "<group>";
			tabWidth = 2;
			usesTabs = 0;
		};
		83CBBA001A601CBA00E9B192 /* Products */ = {
			isa = PBXGroup;
			children = (
				13B07F961A680F5B00A75B9A /* Senti.app */,
			);
			name = Products;
			sourceTree = "<group>";
		};
		F9DC04F2471F40C3A4624B38 /* Resources */ = {
			isa = PBXGroup;
			children = (
			);
			name = Resources;
			sourceTree = "<group>";
		};
/* End PBXGroup section */

/* Begin PBXNativeTarget section */
		13B07F861A680F5B00A75B9A /* Senti */ = {
			isa = PBXNativeTarget;
			buildConfigurationList = 13B07F931A680F5B00A75B9A /* Build configuration list for PBXNativeTarget "Senti" */;
			buildPhases = (
				34DE5C8210219023A8327336 /* [CP] Check Pods Manifest.lock */,
				5BE715CB2327635C00E9DF50 /* Setup Firebase Environment */,
				13B07F871A680F5B00A75B9A /* Sources */,
				13B07F8C1A680F5B00A75B9A /* Frameworks */,
				13B07F8E1A680F5B00A75B9A /* Resources */,
				00DD1BFF1BD5951E006B06BC /* Bundle React Native code and images */,
				86A84353DB08EFCE6F40EDA1 /* [CP] Copy Pods Resources */,
				5BA55DE2232B5D8C0028787E /* Run Crashlytics */,
			);
			buildRules = (
			);
			dependencies = (
			);
			name = Senti;
			productName = "Hello World";
			productReference = 13B07F961A680F5B00A75B9A /* Senti.app */;
			productType = "com.apple.product-type.application";
		};
/* End PBXNativeTarget section */

/* Begin PBXProject section */
		83CBB9F71A601CBA00E9B192 /* Project object */ = {
			isa = PBXProject;
			attributes = {
				LastUpgradeCheck = 940;
				ORGANIZATIONNAME = Facebook;
				TargetAttributes = {
					13B07F861A680F5B00A75B9A = {
						DevelopmentTeam = AVXKHR4MKC;
						SystemCapabilities = {
							com.apple.InAppPurchase = {
								enabled = 1;
							};
						};
					};
				};
			};
			buildConfigurationList = 83CBB9FA1A601CBA00E9B192 /* Build configuration list for PBXProject "Senti" */;
			compatibilityVersion = "Xcode 3.2";
			developmentRegion = English;
			hasScannedForEncodings = 0;
			knownRegions = (
				English,
				en,
				Base,
				ko,
			);
			mainGroup = 83CBB9F61A601CBA00E9B192;
			productRefGroup = 83CBBA001A601CBA00E9B192 /* Products */;
			projectDirPath = "";
			projectRoot = "";
			targets = (
				13B07F861A680F5B00A75B9A /* Senti */,
			);
		};
/* End PBXProject section */

/* Begin PBXResourcesBuildPhase section */
		13B07F8E1A680F5B00A75B9A /* Resources */ = {
			isa = PBXResourcesBuildPhase;
			buildActionMask = 2147483647;
			files = (
				13B07FBF1A68108700A75B9A /* Images.xcassets in Resources */,
				5BE7140F2320A28700E9DF50 /* LaunchScreen.storyboard in Resources */,
				5B1C9B6D23215A4500AD118C /* InfoPlist.strings in Resources */,
			);
			runOnlyForDeploymentPostprocessing = 0;
		};
/* End PBXResourcesBuildPhase section */

/* Begin PBXShellScriptBuildPhase section */
		00DD1BFF1BD5951E006B06BC /* Bundle React Native code and images */ = {
			isa = PBXShellScriptBuildPhase;
			buildActionMask = 2147483647;
			files = (
			);
			inputPaths = (
			);
			name = "Bundle React Native code and images";
			outputPaths = (
			);
			runOnlyForDeploymentPostprocessing = 0;
			shellPath = /bin/sh;
			shellScript = "export NODE_BINARY=node\n../node_modules/react-native/scripts/react-native-xcode.sh\n";
		};
		34DE5C8210219023A8327336 /* [CP] Check Pods Manifest.lock */ = {
			isa = PBXShellScriptBuildPhase;
			buildActionMask = 2147483647;
			files = (
			);
			inputFileListPaths = (
			);
			inputPaths = (
				"${PODS_PODFILE_DIR_PATH}/Podfile.lock",
				"${PODS_ROOT}/Manifest.lock",
			);
			name = "[CP] Check Pods Manifest.lock";
			outputFileListPaths = (
			);
			outputPaths = (
				"$(DERIVED_FILE_DIR)/Pods-Senti-checkManifestLockResult.txt",
			);
			runOnlyForDeploymentPostprocessing = 0;
			shellPath = /bin/sh;
			shellScript = "diff \"${PODS_PODFILE_DIR_PATH}/Podfile.lock\" \"${PODS_ROOT}/Manifest.lock\" > /dev/null\nif [ $? != 0 ] ; then\n    # print error to STDERR\n    echo \"error: The sandbox is not in sync with the Podfile.lock. Run 'pod install' or update your CocoaPods installation.\" >&2\n    exit 1\nfi\n# This output is used by Xcode 'outputs' to avoid re-running this script phase.\necho \"SUCCESS\" > \"${SCRIPT_OUTPUT_FILE_0}\"\n";
			showEnvVarsInLog = 0;
		};
		5BA55DE2232B5D8C0028787E /* Run Crashlytics */ = {
			isa = PBXShellScriptBuildPhase;
			buildActionMask = 2147483647;
			files = (
			);
			inputFileListPaths = (
			);
			inputPaths = (
				"$(SRCROOT)/$(BUILT_PRODUCTS_DIR)/$(INFOPLIST_PATH)",
			);
			name = "Run Crashlytics";
			outputFileListPaths = (
			);
			outputPaths = (
			);
			runOnlyForDeploymentPostprocessing = 0;
			shellPath = /bin/sh;
			shellScript = "\"${PODS_ROOT}/Fabric/run\"\n";
		};
		5BE715CB2327635C00E9DF50 /* Setup Firebase Environment */ = {
			isa = PBXShellScriptBuildPhase;
			buildActionMask = 2147483647;
			files = (
			);
			inputFileListPaths = (
			);
			inputPaths = (
			);
			name = "Setup Firebase Environment";
			outputFileListPaths = (
			);
			outputPaths = (
			);
			runOnlyForDeploymentPostprocessing = 0;
			shellPath = /bin/sh;
			shellScript = "GOOGLESERVICE_INFO_PLIST=GoogleService-Info.plist\nGOOGLESERVICE_INFO_DEV=${PROJECT_DIR}/${TARGET_NAME}/Firebase/dev/${GOOGLESERVICE_INFO_PLIST}\nGOOGLESERVICE_INFO_PROD=${PROJECT_DIR}/${TARGET_NAME}/Firebase/prod/${GOOGLESERVICE_INFO_PLIST}\n\necho \"Looking for ${GOOGLESERVICE_INFO_PLIST} in ${GOOGLESERVICE_INFO_DEV}\"\nif [ ! -f $GOOGLESERVICE_INFO_DEV ]\nthen\necho \"No Development GoogleService-Info.plist found. Please ensure it's in the proper directory.\"\nexit 1\nfi\n\necho \"Looking for ${GOOGLESERVICE_INFO_PLIST} in ${GOOGLESERVICE_INFO_PROD}\"\nif [ ! -f $GOOGLESERVICE_INFO_PROD ]\nthen\necho \"No Production GoogleService-Info.plist found. Please ensure it's in the proper directory.\"\nexit 1\nfi\n\nPLIST_DESTINATION=${BUILT_PRODUCTS_DIR}/${PRODUCT_NAME}.app\necho \"Will copy ${GOOGLESERVICE_INFO_PLIST} to final destination: ${PLIST_DESTINATION}\"\n\nif [ \"${CONFIGURATION}\" == \"Release\" ]\nthen\necho \"Using ${GOOGLESERVICE_INFO_PROD}\"\ncp \"${GOOGLESERVICE_INFO_PROD}\" \"${PLIST_DESTINATION}\"\nelse\necho \"Using ${GOOGLESERVICE_INFO_DEV}\"\ncp \"${GOOGLESERVICE_INFO_DEV}\" \"${PLIST_DESTINATION}\"\nfi\n";
		};
		86A84353DB08EFCE6F40EDA1 /* [CP] Copy Pods Resources */ = {
			isa = PBXShellScriptBuildPhase;
			buildActionMask = 2147483647;
			files = (
			);
			inputPaths = (
				"${PODS_ROOT}/Target Support Files/Pods-Senti/Pods-Senti-resources.sh",
				"${PODS_ROOT}/FBSDKCoreKit/FacebookSDKStrings.bundle",
				"${PODS_ROOT}/GoogleSignIn/Resources/GoogleSignIn.bundle",
				"${PODS_CONFIGURATION_BUILD_DIR}/QBImagePickerController/QBImagePicker.bundle",
				"${PODS_ROOT}/../../node_modules/react-native-vector-icons/Fonts/Ionicons.ttf",
				"${PODS_ROOT}/RSKImageCropper/RSKImageCropper/RSKImageCropperStrings.bundle",
			);
			name = "[CP] Copy Pods Resources";
			outputPaths = (
				"${TARGET_BUILD_DIR}/${UNLOCALIZED_RESOURCES_FOLDER_PATH}/FacebookSDKStrings.bundle",
				"${TARGET_BUILD_DIR}/${UNLOCALIZED_RESOURCES_FOLDER_PATH}/GoogleSignIn.bundle",
				"${TARGET_BUILD_DIR}/${UNLOCALIZED_RESOURCES_FOLDER_PATH}/QBImagePicker.bundle",
				"${TARGET_BUILD_DIR}/${UNLOCALIZED_RESOURCES_FOLDER_PATH}/Ionicons.ttf",
				"${TARGET_BUILD_DIR}/${UNLOCALIZED_RESOURCES_FOLDER_PATH}/RSKImageCropperStrings.bundle",
			);
			runOnlyForDeploymentPostprocessing = 0;
			shellPath = /bin/sh;
			shellScript = "\"${PODS_ROOT}/Target Support Files/Pods-Senti/Pods-Senti-resources.sh\"\n";
			showEnvVarsInLog = 0;
		};
/* End PBXShellScriptBuildPhase section */

/* Begin PBXSourcesBuildPhase section */
		13B07F871A680F5B00A75B9A /* Sources */ = {
			isa = PBXSourcesBuildPhase;
			buildActionMask = 2147483647;
			files = (
				5B80E2EE2328B0BD008A0CB5 /* RNConfig.m in Sources */,
				13B07FBC1A68108700A75B9A /* AppDelegate.m in Sources */,
				13B07FC11A68108700A75B9A /* main.m in Sources */,
			);
			runOnlyForDeploymentPostprocessing = 0;
		};
/* End PBXSourcesBuildPhase section */

/* Begin PBXVariantGroup section */
		5B1C9B6F23215A4500AD118C /* InfoPlist.strings */ = {
			isa = PBXVariantGroup;
			children = (
				5B1C9B6E23215A4500AD118C /* en */,
				5B1C9B7023215A4800AD118C /* ko */,
			);
			name = InfoPlist.strings;
			sourceTree = "<group>";
		};
/* End PBXVariantGroup section */

/* Begin XCBuildConfiguration section */
		13B07F941A680F5B00A75B9A /* Debug */ = {
			isa = XCBuildConfiguration;
			baseConfigurationReference = A00FF6EA33CE2A7E5AB3DABC /* Pods-Senti.debug.xcconfig */;
			buildSettings = {
				API_URL = "http://172.20.10.2:5000/graphql";
				ASSETCATALOG_COMPILER_APPICON_NAME = AppIcon;
				CODEPUSH_KEY = "";
				CODE_SIGN_ENTITLEMENTS = Senti/Senti.entitlements;
				CURRENT_PROJECT_VERSION = 8;
				DEAD_CODE_STRIPPING = NO;
				DEVELOPMENT_TEAM = AVXKHR4MKC;
				DISPLAY_NAME_SUFFIX = " (D)";
				FACEBOOK_APP_ID = 576748566193001;
				FACEBOOK_URL_SCHEME = fb576748566193001;
				FIREBASE_WEB_CLIENT_ID = "190892997297-7rdev9p86115slu3s5jk3ennep82hkgk.apps.googleusercontent.com";
				HEADER_SEARCH_PATHS = (
					"$(inherited)",
					"$(SRCROOT)/../node_modules/react-native-in-app-purchase/ios",
					"$(SRCROOT)/../node_modules/react-native-code-push/**",
					"$(SRCROOT)/../node_modules/react-native-google-signin/**",
				);
				INFOPLIST_FILE = Senti/Info.plist;
				LD_RUNPATH_SEARCH_PATHS = "$(inherited) @executable_path/Frameworks";
				LIBRARY_SEARCH_PATHS = "$(inherited)";
				MARKETING_VERSION = 0.0.8;
				OTHER_LDFLAGS = (
					"$(inherited)",
					"-ObjC",
					"-lc++",
				);
				PRODUCT_BUNDLE_IDENTIFIER = com.senti.app.dev;
				PRODUCT_NAME = Senti;
				REVERSED_CLIENT_ID = "com.googleusercontent.apps.190892997297-46cld24icu0a89eqjo6gbqdqqlldokmj";
				VERSIONING_SYSTEM = "apple-generic";
				WEBSITE_URL = "https://staging.senti.in";
			};
			name = Debug;
		};
		13B07F951A680F5B00A75B9A /* Release */ = {
			isa = XCBuildConfiguration;
			baseConfigurationReference = 876409857CC32FE3F3A5C680 /* Pods-Senti.release.xcconfig */;
			buildSettings = {
				API_URL = "https://senti.in/graphql";
				ASSETCATALOG_COMPILER_APPICON_NAME = AppIcon;
				CODEPUSH_KEY = "40iKzqw15Z-5hiyj0PZAl_bh-_KS180a8f7e-a595-471d-ba74-a122212012fa";
				CODE_SIGN_ENTITLEMENTS = Senti/Senti.entitlements;
				CURRENT_PROJECT_VERSION = 8;
				DEVELOPMENT_TEAM = AVXKHR4MKC;
				DISPLAY_NAME_SUFFIX = "";
				FACEBOOK_APP_ID = 2247161082214684;
				FACEBOOK_URL_SCHEME = fb2247161082214684;
				FIREBASE_WEB_CLIENT_ID = "62655293862-mjb6i6qdl8ki4gpmes6l2pvumc3g9jff.apps.googleusercontent.com";
				HEADER_SEARCH_PATHS = (
					"$(inherited)",
					"$(SRCROOT)/../node_modules/react-native-in-app-purchase/ios",
					"$(SRCROOT)/../node_modules/react-native-code-push/**",
					"$(SRCROOT)/../node_modules/react-native-google-signin/**",
				);
				INFOPLIST_FILE = Senti/Info.plist;
				LD_RUNPATH_SEARCH_PATHS = "$(inherited) @executable_path/Frameworks";
				LIBRARY_SEARCH_PATHS = "$(inherited)";
				MARKETING_VERSION = 0.0.8;
				OTHER_LDFLAGS = (
					"$(inherited)",
					"-ObjC",
					"-lc++",
				);
				PRODUCT_BUNDLE_IDENTIFIER = com.senti.app;
				PRODUCT_NAME = Senti;
				REVERSED_CLIENT_ID = "com.googleusercontent.apps.62655293862-k0j5qo832gheoqrjc1ogfei0i9pp7g1q";
				VERSIONING_SYSTEM = "apple-generic";
				WEBSITE_URL = "https://senti.in";
			};
			name = Release;
		};
		5B115CB3232889160041FF21 /* Staging */ = {
			isa = XCBuildConfiguration;
			buildSettings = {
				ALWAYS_SEARCH_USER_PATHS = NO;
				CLANG_CXX_LANGUAGE_STANDARD = "gnu++0x";
				CLANG_CXX_LIBRARY = "libc++";
				CLANG_ENABLE_MODULES = YES;
				CLANG_ENABLE_OBJC_ARC = YES;
				CLANG_WARN_BLOCK_CAPTURE_AUTORELEASING = YES;
				CLANG_WARN_BOOL_CONVERSION = YES;
				CLANG_WARN_COMMA = YES;
				CLANG_WARN_CONSTANT_CONVERSION = YES;
				CLANG_WARN_DEPRECATED_OBJC_IMPLEMENTATIONS = YES;
				CLANG_WARN_DIRECT_OBJC_ISA_USAGE = YES_ERROR;
				CLANG_WARN_EMPTY_BODY = YES;
				CLANG_WARN_ENUM_CONVERSION = YES;
				CLANG_WARN_INFINITE_RECURSION = YES;
				CLANG_WARN_INT_CONVERSION = YES;
				CLANG_WARN_NON_LITERAL_NULL_CONVERSION = YES;
				CLANG_WARN_OBJC_IMPLICIT_RETAIN_SELF = YES;
				CLANG_WARN_OBJC_LITERAL_CONVERSION = YES;
				CLANG_WARN_OBJC_ROOT_CLASS = YES_ERROR;
				CLANG_WARN_RANGE_LOOP_ANALYSIS = YES;
				CLANG_WARN_STRICT_PROTOTYPES = YES;
				CLANG_WARN_SUSPICIOUS_MOVE = YES;
				CLANG_WARN_UNREACHABLE_CODE = YES;
				CLANG_WARN__DUPLICATE_METHOD_MATCH = YES;
				"CODE_SIGN_IDENTITY[sdk=iphoneos*]" = "iPhone Developer";
				CONFIGURATION_BUILD_DIR = "$(BUILD_DIR)/Release$(EFFECTIVE_PLATFORM_NAME)";
				COPY_PHASE_STRIP = YES;
				ENABLE_NS_ASSERTIONS = NO;
				ENABLE_STRICT_OBJC_MSGSEND = YES;
				GCC_C_LANGUAGE_STANDARD = gnu99;
				GCC_NO_COMMON_BLOCKS = YES;
				GCC_WARN_64_TO_32_BIT_CONVERSION = YES;
				GCC_WARN_ABOUT_RETURN_TYPE = YES_ERROR;
				GCC_WARN_UNDECLARED_SELECTOR = YES;
				GCC_WARN_UNINITIALIZED_AUTOS = YES_AGGRESSIVE;
				GCC_WARN_UNUSED_FUNCTION = YES;
				GCC_WARN_UNUSED_VARIABLE = YES;
				IPHONEOS_DEPLOYMENT_TARGET = 9.0;
				MTL_ENABLE_DEBUG_INFO = NO;
				SDKROOT = iphoneos;
				VALIDATE_PRODUCT = YES;
			};
			name = Staging;
		};
		5B115CB4232889160041FF21 /* Staging */ = {
			isa = XCBuildConfiguration;
			baseConfigurationReference = CE8E7DE079F1BC2F4D983D59 /* Pods-Senti.staging.xcconfig */;
			buildSettings = {
				API_URL = "https://staging.senti.in/graphql";
				ASSETCATALOG_COMPILER_APPICON_NAME = AppIcon;
				CODEPUSH_KEY = "p-Pp3q7mZmDO8kp0Es_Al5yGkoTC180a8f7e-a595-471d-ba74-a122212012fa";
				CODE_SIGN_ENTITLEMENTS = Senti/Senti.entitlements;
				CURRENT_PROJECT_VERSION = 8;
				DEVELOPMENT_TEAM = AVXKHR4MKC;
				DISPLAY_NAME_SUFFIX = " (I)";
				FACEBOOK_APP_ID = 576748566193001;
				FACEBOOK_URL_SCHEME = fb576748566193001;
				FIREBASE_WEB_CLIENT_ID = "190892997297-7rdev9p86115slu3s5jk3ennep82hkgk.apps.googleusercontent.com";
				HEADER_SEARCH_PATHS = (
					"$(inherited)",
					"$(SRCROOT)/../node_modules/react-native-in-app-purchase/ios",
					"$(SRCROOT)/../node_modules/react-native-code-push/**",
					"$(SRCROOT)/../node_modules/react-native-google-signin/**",
				);
				INFOPLIST_FILE = Senti/Info.plist;
				LD_RUNPATH_SEARCH_PATHS = "$(inherited) @executable_path/Frameworks";
				LIBRARY_SEARCH_PATHS = "$(inherited)";
				MARKETING_VERSION = 0.0.8;
				OTHER_LDFLAGS = (
					"$(inherited)",
					"-ObjC",
					"-lc++",
				);
				PRODUCT_BUNDLE_IDENTIFIER = com.senti.app.dev;
				PRODUCT_NAME = Senti;
				REVERSED_CLIENT_ID = "com.googleusercontent.apps.190892997297-46cld24icu0a89eqjo6gbqdqqlldokmj";
				VERSIONING_SYSTEM = "apple-generic";
				WEBSITE_URL = "https://staging.senti.in";
			};
			name = Staging;
		};
		83CBBA201A601CBA00E9B192 /* Debug */ = {
			isa = XCBuildConfiguration;
			buildSettings = {
				ALWAYS_SEARCH_USER_PATHS = NO;
				CLANG_CXX_LANGUAGE_STANDARD = "gnu++0x";
				CLANG_CXX_LIBRARY = "libc++";
				CLANG_ENABLE_MODULES = YES;
				CLANG_ENABLE_OBJC_ARC = YES;
				CLANG_WARN_BLOCK_CAPTURE_AUTORELEASING = YES;
				CLANG_WARN_BOOL_CONVERSION = YES;
				CLANG_WARN_COMMA = YES;
				CLANG_WARN_CONSTANT_CONVERSION = YES;
				CLANG_WARN_DEPRECATED_OBJC_IMPLEMENTATIONS = YES;
				CLANG_WARN_DIRECT_OBJC_ISA_USAGE = YES_ERROR;
				CLANG_WARN_EMPTY_BODY = YES;
				CLANG_WARN_ENUM_CONVERSION = YES;
				CLANG_WARN_INFINITE_RECURSION = YES;
				CLANG_WARN_INT_CONVERSION = YES;
				CLANG_WARN_NON_LITERAL_NULL_CONVERSION = YES;
				CLANG_WARN_OBJC_IMPLICIT_RETAIN_SELF = YES;
				CLANG_WARN_OBJC_LITERAL_CONVERSION = YES;
				CLANG_WARN_OBJC_ROOT_CLASS = YES_ERROR;
				CLANG_WARN_RANGE_LOOP_ANALYSIS = YES;
				CLANG_WARN_STRICT_PROTOTYPES = YES;
				CLANG_WARN_SUSPICIOUS_MOVE = YES;
				CLANG_WARN_UNREACHABLE_CODE = YES;
				CLANG_WARN__DUPLICATE_METHOD_MATCH = YES;
				"CODE_SIGN_IDENTITY[sdk=iphoneos*]" = "iPhone Developer";
				COPY_PHASE_STRIP = NO;
				ENABLE_STRICT_OBJC_MSGSEND = YES;
				ENABLE_TESTABILITY = YES;
				GCC_C_LANGUAGE_STANDARD = gnu99;
				GCC_DYNAMIC_NO_PIC = NO;
				GCC_NO_COMMON_BLOCKS = YES;
				GCC_OPTIMIZATION_LEVEL = 0;
				GCC_PREPROCESSOR_DEFINITIONS = (
					"DEBUG=1",
					"$(inherited)",
				);
				GCC_SYMBOLS_PRIVATE_EXTERN = NO;
				GCC_WARN_64_TO_32_BIT_CONVERSION = YES;
				GCC_WARN_ABOUT_RETURN_TYPE = YES_ERROR;
				GCC_WARN_UNDECLARED_SELECTOR = YES;
				GCC_WARN_UNINITIALIZED_AUTOS = YES_AGGRESSIVE;
				GCC_WARN_UNUSED_FUNCTION = YES;
				GCC_WARN_UNUSED_VARIABLE = YES;
				IPHONEOS_DEPLOYMENT_TARGET = 9.0;
				MTL_ENABLE_DEBUG_INFO = YES;
				ONLY_ACTIVE_ARCH = YES;
				SDKROOT = iphoneos;
			};
			name = Debug;
		};
		83CBBA211A601CBA00E9B192 /* Release */ = {
			isa = XCBuildConfiguration;
			buildSettings = {
				ALWAYS_SEARCH_USER_PATHS = NO;
				CLANG_CXX_LANGUAGE_STANDARD = "gnu++0x";
				CLANG_CXX_LIBRARY = "libc++";
				CLANG_ENABLE_MODULES = YES;
				CLANG_ENABLE_OBJC_ARC = YES;
				CLANG_WARN_BLOCK_CAPTURE_AUTORELEASING = YES;
				CLANG_WARN_BOOL_CONVERSION = YES;
				CLANG_WARN_COMMA = YES;
				CLANG_WARN_CONSTANT_CONVERSION = YES;
				CLANG_WARN_DEPRECATED_OBJC_IMPLEMENTATIONS = YES;
				CLANG_WARN_DIRECT_OBJC_ISA_USAGE = YES_ERROR;
				CLANG_WARN_EMPTY_BODY = YES;
				CLANG_WARN_ENUM_CONVERSION = YES;
				CLANG_WARN_INFINITE_RECURSION = YES;
				CLANG_WARN_INT_CONVERSION = YES;
				CLANG_WARN_NON_LITERAL_NULL_CONVERSION = YES;
				CLANG_WARN_OBJC_IMPLICIT_RETAIN_SELF = YES;
				CLANG_WARN_OBJC_LITERAL_CONVERSION = YES;
				CLANG_WARN_OBJC_ROOT_CLASS = YES_ERROR;
				CLANG_WARN_RANGE_LOOP_ANALYSIS = YES;
				CLANG_WARN_STRICT_PROTOTYPES = YES;
				CLANG_WARN_SUSPICIOUS_MOVE = YES;
				CLANG_WARN_UNREACHABLE_CODE = YES;
				CLANG_WARN__DUPLICATE_METHOD_MATCH = YES;
				"CODE_SIGN_IDENTITY[sdk=iphoneos*]" = "iPhone Developer";
				COPY_PHASE_STRIP = YES;
				ENABLE_NS_ASSERTIONS = NO;
				ENABLE_STRICT_OBJC_MSGSEND = YES;
				GCC_C_LANGUAGE_STANDARD = gnu99;
				GCC_NO_COMMON_BLOCKS = YES;
				GCC_WARN_64_TO_32_BIT_CONVERSION = YES;
				GCC_WARN_ABOUT_RETURN_TYPE = YES_ERROR;
				GCC_WARN_UNDECLARED_SELECTOR = YES;
				GCC_WARN_UNINITIALIZED_AUTOS = YES_AGGRESSIVE;
				GCC_WARN_UNUSED_FUNCTION = YES;
				GCC_WARN_UNUSED_VARIABLE = YES;
				IPHONEOS_DEPLOYMENT_TARGET = 9.0;
				MTL_ENABLE_DEBUG_INFO = NO;
				SDKROOT = iphoneos;
				VALIDATE_PRODUCT = YES;
			};
			name = Release;
		};
/* End XCBuildConfiguration section */

/* Begin XCConfigurationList section */
		13B07F931A680F5B00A75B9A /* Build configuration list for PBXNativeTarget "Senti" */ = {
			isa = XCConfigurationList;
			buildConfigurations = (
				13B07F941A680F5B00A75B9A /* Debug */,
				13B07F951A680F5B00A75B9A /* Release */,
				5B115CB4232889160041FF21 /* Staging */,
			);
			defaultConfigurationIsVisible = 0;
			defaultConfigurationName = Release;
		};
		83CBB9FA1A601CBA00E9B192 /* Build configuration list for PBXProject "Senti" */ = {
			isa = XCConfigurationList;
			buildConfigurations = (
				83CBBA201A601CBA00E9B192 /* Debug */,
				83CBBA211A601CBA00E9B192 /* Release */,
				5B115CB3232889160041FF21 /* Staging */,
			);
			defaultConfigurationIsVisible = 0;
			defaultConfigurationName = Release;
		};
/* End XCConfigurationList section */
	};
	rootObject = 83CBB9F71A601CBA00E9B192 /* Project object */;
}
